
Microsoft Visual Studio Solution File, Format Version 12.00
# Visual Studio 14
VisualStudioVersion = 14.0.25123.0
MinimumVisualStudioVersion = 10.0.40219.1
Project("{2150E333-8FDC-42A3-9474-1A3956D46DE8}") = ".nuget", ".nuget", "{A2F01A24-E178-4A8C-A4E1-8F3AC867F329}"
	ProjectSection(SolutionItems) = preProject
		..\Solutions\LoanStop.DepositService\.nuget\NuGet.Config = ..\Solutions\LoanStop.DepositService\.nuget\NuGet.Config
		..\Solutions\LoanStop.DepositService\.nuget\NuGet.exe = ..\Solutions\LoanStop.DepositService\.nuget\NuGet.exe
		..\Solutions\LoanStop.DepositService\.nuget\NuGet.targets = ..\Solutions\LoanStop.DepositService\.nuget\NuGet.targets
	EndProjectSection
EndProject
Project("{FAE04EC0-301F-11D3-BF4B-00C04F79EFBC}") = "LoanStop.ACHFile", "LoanStop.ACHFile\LoanStop.ACHFile.csproj", "{947CF5E5-8729-4AF9-93ED-F7A8CFE6281F}"
EndProject
Project("{FAE04EC0-301F-11D3-BF4B-00C04F79EFBC}") = "LoanStop.ACHWorks", "LoanStop.ACHWorks\LoanStop.ACHWorks.csproj", "{9BB0846E-4679-4BA8-98EA-09E10DBEF5B7}"
EndProject
Project("{FAE04EC0-301F-11D3-BF4B-00C04F79EFBC}") = "LoanStop.DailyBalance", "LoanStop.DailyBalance\SummaryDefault\LoanStop.DailyBalance.csproj", "{BB8860F5-15C8-4559-AAE5-B0F5281FF30C}"
EndProject
Project("{FAE04EC0-301F-11D3-BF4B-00C04F79EFBC}") = "LoanStop.DBCore", "LoanStop.DBCore\LoanStop.DBCore.csproj", "{86D86847-4C51-4AAF-A3B9-1F5B5E5B0648}"
EndProject
Project("{FAE04EC0-301F-11D3-BF4B-00C04F79EFBC}") = "LoanStop.DepositService.Core", "LoanStop.DepositService.Core\LoanStop.DepositService.Core.csproj", "{88B1AA11-CA91-4737-BE97-D7F375A90F08}"
EndProject
Project("{FAE04EC0-301F-11D3-BF4B-00C04F79EFBC}") = "LoanStop.DepositService.Entities", "LoanStop.DepositService.Entities\LoanStop.DepositService.Entities.csproj", "{D705A54A-692F-43F5-96DC-C7748E5B5FF7}"
EndProject
Project("{FAE04EC0-301F-11D3-BF4B-00C04F79EFBC}") = "LoanStop.Entities", "LoanStop.Entities\LoanStop.Entities.csproj", "{B8F88925-79CC-416E-A5AC-8FE297C127CE}"
EndProject
Project("{FAE04EC0-301F-11D3-BF4B-00C04F79EFBC}") = "LoanStop.Reports", "LoanStop.Reports\LoanStop.Reports.csproj", "{D8667802-040B-4D7D-B4E2-5C5BE99CF826}"
EndProject
Project("{CC5FD16D-436D-48AD-A40C-5A424C6E3E79}") = "LoanStop.Services.Azure", "LoanStop.Services.Azure\LoanStop.Services.Azure.ccproj", "{DC0B098B-C463-4205-BBD4-3066B34831B7}"
EndProject
Project("{FAE04EC0-301F-11D3-BF4B-00C04F79EFBC}") = "LoanStop.TeleTrackClient", "LoanStop.TeleTrackClient\LoanStop.TeleTrackClient.csproj", "{9757C392-DD69-4B89-8590-85AC01657837}"
EndProject
Project("{FAE04EC0-301F-11D3-BF4B-00C04F79EFBC}") = "LoanStop.Transactions", "LoanStop.Transactions\LoanStop.Transactions.csproj", "{5347C673-2D8F-4FE3-A4B3-8D6F5B03629D}"
EndProject
Project("{FAE04EC0-301F-11D3-BF4B-00C04F79EFBC}") = "LoanStop.Services.WebApi", "LoanStop.DepositService.WebApi\LoanStop.Services.WebApi.csproj", "{615410D8-AB3A-4D90-BFDB-129A19D8A660}"
EndProject
Global
	GlobalSection(SolutionConfigurationPlatforms) = preSolution
		debug x86|Any CPU = debug x86|Any CPU
		debug x86|x64 = debug x86|x64
		debug x86|x86 = debug x86|x86
		Debug|Any CPU = Debug|Any CPU
		Debug|x64 = Debug|x64
		Debug|x86 = Debug|x86
		Release|Any CPU = Release|Any CPU
		Release|x64 = Release|x64
		Release|x86 = Release|x86
		Stage|Any CPU = Stage|Any CPU
		Stage|x64 = Stage|x64
		Stage|x86 = Stage|x86
	EndGlobalSection
	GlobalSection(ProjectConfigurationPlatforms) = postSolution
		{947CF5E5-8729-4AF9-93ED-F7A8CFE6281F}.debug x86|Any CPU.ActiveCfg = Debug|Any CPU
		{947CF5E5-8729-4AF9-93ED-F7A8CFE6281F}.debug x86|Any CPU.Build.0 = Debug|Any CPU
		{947CF5E5-8729-4AF9-93ED-F7A8CFE6281F}.debug x86|x64.ActiveCfg = Debug|Any CPU
		{947CF5E5-8729-4AF9-93ED-F7A8CFE6281F}.debug x86|x64.Build.0 = Debug|Any CPU
		{947CF5E5-8729-4AF9-93ED-F7A8CFE6281F}.debug x86|x86.ActiveCfg = Debug|Any CPU
		{947CF5E5-8729-4AF9-93ED-F7A8CFE6281F}.debug x86|x86.Build.0 = Debug|Any CPU
		{947CF5E5-8729-4AF9-93ED-F7A8CFE6281F}.Debug|Any CPU.ActiveCfg = Debug|Any CPU
		{947CF5E5-8729-4AF9-93ED-F7A8CFE6281F}.Debug|Any CPU.Build.0 = Debug|Any CPU
		{947CF5E5-8729-4AF9-93ED-F7A8CFE6281F}.Debug|x64.ActiveCfg = Debug|Any CPU
		{947CF5E5-8729-4AF9-93ED-F7A8CFE6281F}.Debug|x64.Build.0 = Debug|Any CPU
		{947CF5E5-8729-4AF9-93ED-F7A8CFE6281F}.Debug|x86.ActiveCfg = Debug|Any CPU
		{947CF5E5-8729-4AF9-93ED-F7A8CFE6281F}.Debug|x86.Build.0 = Debug|Any CPU
		{947CF5E5-8729-4AF9-93ED-F7A8CFE6281F}.Release|Any CPU.ActiveCfg = Release|Any CPU
		{947CF5E5-8729-4AF9-93ED-F7A8CFE6281F}.Release|Any CPU.Build.0 = Release|Any CPU
		{947CF5E5-8729-4AF9-93ED-F7A8CFE6281F}.Release|x64.ActiveCfg = Release|Any CPU
		{947CF5E5-8729-4AF9-93ED-F7A8CFE6281F}.Release|x64.Build.0 = Release|Any CPU
		{947CF5E5-8729-4AF9-93ED-F7A8CFE6281F}.Release|x86.ActiveCfg = Release|Any CPU
		{947CF5E5-8729-4AF9-93ED-F7A8CFE6281F}.Release|x86.Build.0 = Release|Any CPU
		{947CF5E5-8729-4AF9-93ED-F7A8CFE6281F}.Stage|Any CPU.ActiveCfg = Stage|Any CPU
		{947CF5E5-8729-4AF9-93ED-F7A8CFE6281F}.Stage|Any CPU.Build.0 = Stage|Any CPU
		{947CF5E5-8729-4AF9-93ED-F7A8CFE6281F}.Stage|x64.ActiveCfg = Stage|Any CPU
		{947CF5E5-8729-4AF9-93ED-F7A8CFE6281F}.Stage|x64.Build.0 = Stage|Any CPU
		{947CF5E5-8729-4AF9-93ED-F7A8CFE6281F}.Stage|x86.ActiveCfg = Stage|Any CPU
		{947CF5E5-8729-4AF9-93ED-F7A8CFE6281F}.Stage|x86.Build.0 = Stage|Any CPU
		{9BB0846E-4679-4BA8-98EA-09E10DBEF5B7}.debug x86|Any CPU.ActiveCfg = Debug|Any CPU
		{9BB0846E-4679-4BA8-98EA-09E10DBEF5B7}.debug x86|Any CPU.Build.0 = Debug|Any CPU
		{9BB0846E-4679-4BA8-98EA-09E10DBEF5B7}.debug x86|x64.ActiveCfg = Debug|Any CPU
		{9BB0846E-4679-4BA8-98EA-09E10DBEF5B7}.debug x86|x64.Build.0 = Debug|Any CPU
		{9BB0846E-4679-4BA8-98EA-09E10DBEF5B7}.debug x86|x86.ActiveCfg = Debug|Any CPU
		{9BB0846E-4679-4BA8-98EA-09E10DBEF5B7}.debug x86|x86.Build.0 = Debug|Any CPU
		{9BB0846E-4679-4BA8-98EA-09E10DBEF5B7}.Debug|Any CPU.ActiveCfg = Debug|Any CPU
		{9BB0846E-4679-4BA8-98EA-09E10DBEF5B7}.Debug|Any CPU.Build.0 = Debug|Any CPU
		{9BB0846E-4679-4BA8-98EA-09E10DBEF5B7}.Debug|x64.ActiveCfg = Debug|Any CPU
		{9BB0846E-4679-4BA8-98EA-09E10DBEF5B7}.Debug|x64.Build.0 = Debug|Any CPU
		{9BB0846E-4679-4BA8-98EA-09E10DBEF5B7}.Debug|x86.ActiveCfg = Debug|Any CPU
		{9BB0846E-4679-4BA8-98EA-09E10DBEF5B7}.Debug|x86.Build.0 = Debug|Any CPU
		{9BB0846E-4679-4BA8-98EA-09E10DBEF5B7}.Release|Any CPU.ActiveCfg = Release|Any CPU
		{9BB0846E-4679-4BA8-98EA-09E10DBEF5B7}.Release|Any CPU.Build.0 = Release|Any CPU
		{9BB0846E-4679-4BA8-98EA-09E10DBEF5B7}.Release|x64.ActiveCfg = Release|Any CPU
		{9BB0846E-4679-4BA8-98EA-09E10DBEF5B7}.Release|x64.Build.0 = Release|Any CPU
		{9BB0846E-4679-4BA8-98EA-09E10DBEF5B7}.Release|x86.ActiveCfg = Release|Any CPU
		{9BB0846E-4679-4BA8-98EA-09E10DBEF5B7}.Release|x86.Build.0 = Release|Any CPU
		{9BB0846E-4679-4BA8-98EA-09E10DBEF5B7}.Stage|Any CPU.ActiveCfg = Release|Any CPU
		{9BB0846E-4679-4BA8-98EA-09E10DBEF5B7}.Stage|Any CPU.Build.0 = Release|Any CPU
		{9BB0846E-4679-4BA8-98EA-09E10DBEF5B7}.Stage|x64.ActiveCfg = Release|Any CPU
		{9BB0846E-4679-4BA8-98EA-09E10DBEF5B7}.Stage|x64.Build.0 = Release|Any CPU
		{9BB0846E-4679-4BA8-98EA-09E10DBEF5B7}.Stage|x86.ActiveCfg = Release|Any CPU
		{9BB0846E-4679-4BA8-98EA-09E10DBEF5B7}.Stage|x86.Build.0 = Release|Any CPU
		{BB8860F5-15C8-4559-AAE5-B0F5281FF30C}.debug x86|Any CPU.ActiveCfg = Debug|Any CPU
		{BB8860F5-15C8-4559-AAE5-B0F5281FF30C}.debug x86|Any CPU.Build.0 = Debug|Any CPU
		{BB8860F5-15C8-4559-AAE5-B0F5281FF30C}.debug x86|x64.ActiveCfg = Debug|Any CPU
		{BB8860F5-15C8-4559-AAE5-B0F5281FF30C}.debug x86|x64.Build.0 = Debug|Any CPU
		{BB8860F5-15C8-4559-AAE5-B0F5281FF30C}.debug x86|x86.ActiveCfg = Debug|Any CPU
		{BB8860F5-15C8-4559-AAE5-B0F5281FF30C}.debug x86|x86.Build.0 = Debug|Any CPU
		{BB8860F5-15C8-4559-AAE5-B0F5281FF30C}.Debug|Any CPU.ActiveCfg = Debug|Any CPU
		{BB8860F5-15C8-4559-AAE5-B0F5281FF30C}.Debug|Any CPU.Build.0 = Debug|Any CPU
		{BB8860F5-15C8-4559-AAE5-B0F5281FF30C}.Debug|x64.ActiveCfg = Debug|Any CPU
		{BB8860F5-15C8-4559-AAE5-B0F5281FF30C}.Debug|x64.Build.0 = Debug|Any CPU
		{BB8860F5-15C8-4559-AAE5-B0F5281FF30C}.Debug|x86.ActiveCfg = Debug|Any CPU
		{BB8860F5-15C8-4559-AAE5-B0F5281FF30C}.Debug|x86.Build.0 = Debug|Any CPU
		{BB8860F5-15C8-4559-AAE5-B0F5281FF30C}.Release|Any CPU.ActiveCfg = Release|Any CPU
		{BB8860F5-15C8-4559-AAE5-B0F5281FF30C}.Release|Any CPU.Build.0 = Release|Any CPU
		{BB8860F5-15C8-4559-AAE5-B0F5281FF30C}.Release|x64.ActiveCfg = Release|Any CPU
		{BB8860F5-15C8-4559-AAE5-B0F5281FF30C}.Release|x64.Build.0 = Release|Any CPU
		{BB8860F5-15C8-4559-AAE5-B0F5281FF30C}.Release|x86.ActiveCfg = Release|Any CPU
		{BB8860F5-15C8-4559-AAE5-B0F5281FF30C}.Release|x86.Build.0 = Release|Any CPU
		{BB8860F5-15C8-4559-AAE5-B0F5281FF30C}.Stage|Any CPU.ActiveCfg = Release|Any CPU
		{BB8860F5-15C8-4559-AAE5-B0F5281FF30C}.Stage|Any CPU.Build.0 = Release|Any CPU
		{BB8860F5-15C8-4559-AAE5-B0F5281FF30C}.Stage|x64.ActiveCfg = Release|Any CPU
		{BB8860F5-15C8-4559-AAE5-B0F5281FF30C}.Stage|x64.Build.0 = Release|Any CPU
		{BB8860F5-15C8-4559-AAE5-B0F5281FF30C}.Stage|x86.ActiveCfg = Release|Any CPU
		{BB8860F5-15C8-4559-AAE5-B0F5281FF30C}.Stage|x86.Build.0 = Release|Any CPU
		{86D86847-4C51-4AAF-A3B9-1F5B5E5B0648}.debug x86|Any CPU.ActiveCfg = debug x86|Any CPU
		{86D86847-4C51-4AAF-A3B9-1F5B5E5B0648}.debug x86|Any CPU.Build.0 = debug x86|Any CPU
		{86D86847-4C51-4AAF-A3B9-1F5B5E5B0648}.debug x86|x64.ActiveCfg = debug x86|x64
		{86D86847-4C51-4AAF-A3B9-1F5B5E5B0648}.debug x86|x64.Build.0 = debug x86|x64
		{86D86847-4C51-4AAF-A3B9-1F5B5E5B0648}.debug x86|x86.ActiveCfg = debug x86|x86
		{86D86847-4C51-4AAF-A3B9-1F5B5E5B0648}.debug x86|x86.Build.0 = debug x86|x86
		{86D86847-4C51-4AAF-A3B9-1F5B5E5B0648}.Debug|Any CPU.ActiveCfg = Debug|Any CPU
		{86D86847-4C51-4AAF-A3B9-1F5B5E5B0648}.Debug|Any CPU.Build.0 = Debug|Any CPU
		{86D86847-4C51-4AAF-A3B9-1F5B5E5B0648}.Debug|x64.ActiveCfg = Debug|x64
		{86D86847-4C51-4AAF-A3B9-1F5B5E5B0648}.Debug|x64.Build.0 = Debug|x64
		{86D86847-4C51-4AAF-A3B9-1F5B5E5B0648}.Debug|x86.ActiveCfg = Debug|x86
		{86D86847-4C51-4AAF-A3B9-1F5B5E5B0648}.Debug|x86.Build.0 = Debug|x86
		{86D86847-4C51-4AAF-A3B9-1F5B5E5B0648}.Release|Any CPU.ActiveCfg = Release|Any CPU
		{86D86847-4C51-4AAF-A3B9-1F5B5E5B0648}.Release|Any CPU.Build.0 = Release|Any CPU
		{86D86847-4C51-4AAF-A3B9-1F5B5E5B0648}.Release|x64.ActiveCfg = Release|x64
		{86D86847-4C51-4AAF-A3B9-1F5B5E5B0648}.Release|x64.Build.0 = Release|x64
		{86D86847-4C51-4AAF-A3B9-1F5B5E5B0648}.Release|x86.ActiveCfg = Release|x86
		{86D86847-4C51-4AAF-A3B9-1F5B5E5B0648}.Release|x86.Build.0 = Release|x86
		{86D86847-4C51-4AAF-A3B9-1F5B5E5B0648}.Stage|Any CPU.ActiveCfg = debug x86|Any CPU
		{86D86847-4C51-4AAF-A3B9-1F5B5E5B0648}.Stage|Any CPU.Build.0 = debug x86|Any CPU
		{86D86847-4C51-4AAF-A3B9-1F5B5E5B0648}.Stage|x64.ActiveCfg = debug x86|x64
		{86D86847-4C51-4AAF-A3B9-1F5B5E5B0648}.Stage|x64.Build.0 = debug x86|x64
		{86D86847-4C51-4AAF-A3B9-1F5B5E5B0648}.Stage|x86.ActiveCfg = debug x86|x86
		{86D86847-4C51-4AAF-A3B9-1F5B5E5B0648}.Stage|x86.Build.0 = debug x86|x86
		{88B1AA11-CA91-4737-BE97-D7F375A90F08}.debug x86|Any CPU.ActiveCfg = Debug|Any CPU
		{88B1AA11-CA91-4737-BE97-D7F375A90F08}.debug x86|Any CPU.Build.0 = Debug|Any CPU
		{88B1AA11-CA91-4737-BE97-D7F375A90F08}.debug x86|x64.ActiveCfg = Debug|Any CPU
		{88B1AA11-CA91-4737-BE97-D7F375A90F08}.debug x86|x64.Build.0 = Debug|Any CPU
		{88B1AA11-CA91-4737-BE97-D7F375A90F08}.debug x86|x86.ActiveCfg = Debug|Any CPU
		{88B1AA11-CA91-4737-BE97-D7F375A90F08}.debug x86|x86.Build.0 = Debug|Any CPU
		{88B1AA11-CA91-4737-BE97-D7F375A90F08}.Debug|Any CPU.ActiveCfg = Debug|Any CPU
		{88B1AA11-CA91-4737-BE97-D7F375A90F08}.Debug|Any CPU.Build.0 = Debug|Any CPU
		{88B1AA11-CA91-4737-BE97-D7F375A90F08}.Debug|x64.ActiveCfg = Debug|Any CPU
		{88B1AA11-CA91-4737-BE97-D7F375A90F08}.Debug|x64.Build.0 = Debug|Any CPU
		{88B1AA11-CA91-4737-BE97-D7F375A90F08}.Debug|x86.ActiveCfg = Debug|Any CPU
		{88B1AA11-CA91-4737-BE97-D7F375A90F08}.Debug|x86.Build.0 = Debug|Any CPU
		{88B1AA11-CA91-4737-BE97-D7F375A90F08}.Release|Any CPU.ActiveCfg = Release|Any CPU
		{88B1AA11-CA91-4737-BE97-D7F375A90F08}.Release|Any CPU.Build.0 = Release|Any CPU
		{88B1AA11-CA91-4737-BE97-D7F375A90F08}.Release|x64.ActiveCfg = Release|Any CPU
		{88B1AA11-CA91-4737-BE97-D7F375A90F08}.Release|x64.Build.0 = Release|Any CPU
		{88B1AA11-CA91-4737-BE97-D7F375A90F08}.Release|x86.ActiveCfg = Release|Any CPU
		{88B1AA11-CA91-4737-BE97-D7F375A90F08}.Release|x86.Build.0 = Release|Any CPU
		{88B1AA11-CA91-4737-BE97-D7F375A90F08}.Stage|Any CPU.ActiveCfg = Release|Any CPU
		{88B1AA11-CA91-4737-BE97-D7F375A90F08}.Stage|Any CPU.Build.0 = Release|Any CPU
		{88B1AA11-CA91-4737-BE97-D7F375A90F08}.Stage|x64.ActiveCfg = Release|Any CPU
		{88B1AA11-CA91-4737-BE97-D7F375A90F08}.Stage|x64.Build.0 = Release|Any CPU
		{88B1AA11-CA91-4737-BE97-D7F375A90F08}.Stage|x86.ActiveCfg = Release|Any CPU
		{88B1AA11-CA91-4737-BE97-D7F375A90F08}.Stage|x86.Build.0 = Release|Any CPU
		{D705A54A-692F-43F5-96DC-C7748E5B5FF7}.debug x86|Any CPU.ActiveCfg = Debug|Any CPU
		{D705A54A-692F-43F5-96DC-C7748E5B5FF7}.debug x86|Any CPU.Build.0 = Debug|Any CPU
		{D705A54A-692F-43F5-96DC-C7748E5B5FF7}.debug x86|x64.ActiveCfg = Debug|Any CPU
		{D705A54A-692F-43F5-96DC-C7748E5B5FF7}.debug x86|x64.Build.0 = Debug|Any CPU
		{D705A54A-692F-43F5-96DC-C7748E5B5FF7}.debug x86|x86.ActiveCfg = Debug|Any CPU
		{D705A54A-692F-43F5-96DC-C7748E5B5FF7}.debug x86|x86.Build.0 = Debug|Any CPU
		{D705A54A-692F-43F5-96DC-C7748E5B5FF7}.Debug|Any CPU.ActiveCfg = Debug|Any CPU
		{D705A54A-692F-43F5-96DC-C7748E5B5FF7}.Debug|Any CPU.Build.0 = Debug|Any CPU
		{D705A54A-692F-43F5-96DC-C7748E5B5FF7}.Debug|x64.ActiveCfg = Debug|Any CPU
		{D705A54A-692F-43F5-96DC-C7748E5B5FF7}.Debug|x64.Build.0 = Debug|Any CPU
		{D705A54A-692F-43F5-96DC-C7748E5B5FF7}.Debug|x86.ActiveCfg = Debug|Any CPU
		{D705A54A-692F-43F5-96DC-C7748E5B5FF7}.Debug|x86.Build.0 = Debug|Any CPU
		{D705A54A-692F-43F5-96DC-C7748E5B5FF7}.Release|Any CPU.ActiveCfg = Release|Any CPU
		{D705A54A-692F-43F5-96DC-C7748E5B5FF7}.Release|Any CPU.Build.0 = Release|Any CPU
		{D705A54A-692F-43F5-96DC-C7748E5B5FF7}.Release|x64.ActiveCfg = Release|Any CPU
		{D705A54A-692F-43F5-96DC-C7748E5B5FF7}.Release|x64.Build.0 = Release|Any CPU
		{D705A54A-692F-43F5-96DC-C7748E5B5FF7}.Release|x86.ActiveCfg = Release|Any CPU
		{D705A54A-692F-43F5-96DC-C7748E5B5FF7}.Release|x86.Build.0 = Release|Any CPU
		{D705A54A-692F-43F5-96DC-C7748E5B5FF7}.Stage|Any CPU.ActiveCfg = Release|Any CPU
		{D705A54A-692F-43F5-96DC-C7748E5B5FF7}.Stage|Any CPU.Build.0 = Release|Any CPU
		{D705A54A-692F-43F5-96DC-C7748E5B5FF7}.Stage|x64.ActiveCfg = Release|Any CPU
		{D705A54A-692F-43F5-96DC-C7748E5B5FF7}.Stage|x64.Build.0 = Release|Any CPU
		{D705A54A-692F-43F5-96DC-C7748E5B5FF7}.Stage|x86.ActiveCfg = Release|Any CPU
		{D705A54A-692F-43F5-96DC-C7748E5B5FF7}.Stage|x86.Build.0 = Release|Any CPU
		{B8F88925-79CC-416E-A5AC-8FE297C127CE}.debug x86|Any CPU.ActiveCfg = debug x86|Any CPU
		{B8F88925-79CC-416E-A5AC-8FE297C127CE}.debug x86|Any CPU.Build.0 = debug x86|Any CPU
		{B8F88925-79CC-416E-A5AC-8FE297C127CE}.debug x86|x64.ActiveCfg = debug x86|x64
		{B8F88925-79CC-416E-A5AC-8FE297C127CE}.debug x86|x64.Build.0 = debug x86|x64
		{B8F88925-79CC-416E-A5AC-8FE297C127CE}.debug x86|x86.ActiveCfg = debug x86|x86
		{B8F88925-79CC-416E-A5AC-8FE297C127CE}.debug x86|x86.Build.0 = debug x86|x86
		{B8F88925-79CC-416E-A5AC-8FE297C127CE}.Debug|Any CPU.ActiveCfg = Debug|Any CPU
		{B8F88925-79CC-416E-A5AC-8FE297C127CE}.Debug|Any CPU.Build.0 = Debug|Any CPU
		{B8F88925-79CC-416E-A5AC-8FE297C127CE}.Debug|x64.ActiveCfg = Debug|x64
		{B8F88925-79CC-416E-A5AC-8FE297C127CE}.Debug|x64.Build.0 = Debug|x64
		{B8F88925-79CC-416E-A5AC-8FE297C127CE}.Debug|x86.ActiveCfg = Debug|x86
		{B8F88925-79CC-416E-A5AC-8FE297C127CE}.Debug|x86.Build.0 = Debug|x86
		{B8F88925-79CC-416E-A5AC-8FE297C127CE}.Release|Any CPU.ActiveCfg = Release|Any CPU
		{B8F88925-79CC-416E-A5AC-8FE297C127CE}.Release|Any CPU.Build.0 = Release|Any CPU
		{B8F88925-79CC-416E-A5AC-8FE297C127CE}.Release|x64.ActiveCfg = Release|x64
		{B8F88925-79CC-416E-A5AC-8FE297C127CE}.Release|x64.Build.0 = Release|x64
		{B8F88925-79CC-416E-A5AC-8FE297C127CE}.Release|x86.ActiveCfg = Release|x86
		{B8F88925-79CC-416E-A5AC-8FE297C127CE}.Release|x86.Build.0 = Release|x86
		{B8F88925-79CC-416E-A5AC-8FE297C127CE}.Stage|Any CPU.ActiveCfg = debug x86|Any CPU
		{B8F88925-79CC-416E-A5AC-8FE297C127CE}.Stage|Any CPU.Build.0 = debug x86|Any CPU
		{B8F88925-79CC-416E-A5AC-8FE297C127CE}.Stage|x64.ActiveCfg = debug x86|x64
		{B8F88925-79CC-416E-A5AC-8FE297C127CE}.Stage|x64.Build.0 = debug x86|x64
		{B8F88925-79CC-416E-A5AC-8FE297C127CE}.Stage|x86.ActiveCfg = debug x86|x86
		{B8F88925-79CC-416E-A5AC-8FE297C127CE}.Stage|x86.Build.0 = debug x86|x86
		{D8667802-040B-4D7D-B4E2-5C5BE99CF826}.debug x86|Any CPU.ActiveCfg = Debug|Any CPU
		{D8667802-040B-4D7D-B4E2-5C5BE99CF826}.debug x86|Any CPU.Build.0 = Debug|Any CPU
		{D8667802-040B-4D7D-B4E2-5C5BE99CF826}.debug x86|x64.ActiveCfg = Debug|Any CPU
		{D8667802-040B-4D7D-B4E2-5C5BE99CF826}.debug x86|x64.Build.0 = Debug|Any CPU
		{D8667802-040B-4D7D-B4E2-5C5BE99CF826}.debug x86|x86.ActiveCfg = Debug|Any CPU
		{D8667802-040B-4D7D-B4E2-5C5BE99CF826}.debug x86|x86.Build.0 = Debug|Any CPU
		{D8667802-040B-4D7D-B4E2-5C5BE99CF826}.Debug|Any CPU.ActiveCfg = Debug|Any CPU
		{D8667802-040B-4D7D-B4E2-5C5BE99CF826}.Debug|Any CPU.Build.0 = Debug|Any CPU
		{D8667802-040B-4D7D-B4E2-5C5BE99CF826}.Debug|x64.ActiveCfg = Debug|Any CPU
		{D8667802-040B-4D7D-B4E2-5C5BE99CF826}.Debug|x64.Build.0 = Debug|Any CPU
		{D8667802-040B-4D7D-B4E2-5C5BE99CF826}.Debug|x86.ActiveCfg = Debug|Any CPU
		{D8667802-040B-4D7D-B4E2-5C5BE99CF826}.Debug|x86.Build.0 = Debug|Any CPU
		{D8667802-040B-4D7D-B4E2-5C5BE99CF826}.Release|Any CPU.ActiveCfg = Release|Any CPU
		{D8667802-040B-4D7D-B4E2-5C5BE99CF826}.Release|Any CPU.Build.0 = Release|Any CPU
		{D8667802-040B-4D7D-B4E2-5C5BE99CF826}.Release|x64.ActiveCfg = Release|Any CPU
		{D8667802-040B-4D7D-B4E2-5C5BE99CF826}.Release|x64.Build.0 = Release|Any CPU
		{D8667802-040B-4D7D-B4E2-5C5BE99CF826}.Release|x86.ActiveCfg = Release|Any CPU
		{D8667802-040B-4D7D-B4E2-5C5BE99CF826}.Release|x86.Build.0 = Release|Any CPU
		{D8667802-040B-4D7D-B4E2-5C5BE99CF826}.Stage|Any CPU.ActiveCfg = Release|Any CPU
		{D8667802-040B-4D7D-B4E2-5C5BE99CF826}.Stage|Any CPU.Build.0 = Release|Any CPU
		{D8667802-040B-4D7D-B4E2-5C5BE99CF826}.Stage|x64.ActiveCfg = Release|Any CPU
		{D8667802-040B-4D7D-B4E2-5C5BE99CF826}.Stage|x64.Build.0 = Release|Any CPU
		{D8667802-040B-4D7D-B4E2-5C5BE99CF826}.Stage|x86.ActiveCfg = Release|Any CPU
		{D8667802-040B-4D7D-B4E2-5C5BE99CF826}.Stage|x86.Build.0 = Release|Any CPU
		{DC0B098B-C463-4205-BBD4-3066B34831B7}.debug x86|Any CPU.ActiveCfg = Debug|Any CPU
		{DC0B098B-C463-4205-BBD4-3066B34831B7}.debug x86|Any CPU.Build.0 = Debug|Any CPU
		{DC0B098B-C463-4205-BBD4-3066B34831B7}.debug x86|x64.ActiveCfg = Debug|Any CPU
		{DC0B098B-C463-4205-BBD4-3066B34831B7}.debug x86|x64.Build.0 = Debug|Any CPU
		{DC0B098B-C463-4205-BBD4-3066B34831B7}.debug x86|x86.ActiveCfg = Debug|Any CPU
		{DC0B098B-C463-4205-BBD4-3066B34831B7}.debug x86|x86.Build.0 = Debug|Any CPU
		{DC0B098B-C463-4205-BBD4-3066B34831B7}.Debug|Any CPU.ActiveCfg = Debug|Any CPU
		{DC0B098B-C463-4205-BBD4-3066B34831B7}.Debug|Any CPU.Build.0 = Debug|Any CPU
		{DC0B098B-C463-4205-BBD4-3066B34831B7}.Debug|x64.ActiveCfg = Debug|Any CPU
		{DC0B098B-C463-4205-BBD4-3066B34831B7}.Debug|x64.Build.0 = Debug|Any CPU
		{DC0B098B-C463-4205-BBD4-3066B34831B7}.Debug|x86.ActiveCfg = Debug|Any CPU
		{DC0B098B-C463-4205-BBD4-3066B34831B7}.Debug|x86.Build.0 = Debug|Any CPU
		{DC0B098B-C463-4205-BBD4-3066B34831B7}.Release|Any CPU.ActiveCfg = Release|Any CPU
		{DC0B098B-C463-4205-BBD4-3066B34831B7}.Release|Any CPU.Build.0 = Release|Any CPU
		{DC0B098B-C463-4205-BBD4-3066B34831B7}.Release|x64.ActiveCfg = Release|Any CPU
		{DC0B098B-C463-4205-BBD4-3066B34831B7}.Release|x64.Build.0 = Release|Any CPU
		{DC0B098B-C463-4205-BBD4-3066B34831B7}.Release|x86.ActiveCfg = Release|Any CPU
		{DC0B098B-C463-4205-BBD4-3066B34831B7}.Release|x86.Build.0 = Release|Any CPU
		{DC0B098B-C463-4205-BBD4-3066B34831B7}.Stage|Any CPU.ActiveCfg = Release|Any CPU
		{DC0B098B-C463-4205-BBD4-3066B34831B7}.Stage|Any CPU.Build.0 = Release|Any CPU
		{DC0B098B-C463-4205-BBD4-3066B34831B7}.Stage|x64.ActiveCfg = Release|Any CPU
		{DC0B098B-C463-4205-BBD4-3066B34831B7}.Stage|x64.Build.0 = Release|Any CPU
		{DC0B098B-C463-4205-BBD4-3066B34831B7}.Stage|x86.ActiveCfg = Release|Any CPU
		{DC0B098B-C463-4205-BBD4-3066B34831B7}.Stage|x86.Build.0 = Release|Any CPU
		{9757C392-DD69-4B89-8590-85AC01657837}.debug x86|Any CPU.ActiveCfg = Debug|Any CPU
		{9757C392-DD69-4B89-8590-85AC01657837}.debug x86|Any CPU.Build.0 = Debug|Any CPU
		{9757C392-DD69-4B89-8590-85AC01657837}.debug x86|x64.ActiveCfg = Debug|Any CPU
		{9757C392-DD69-4B89-8590-85AC01657837}.debug x86|x64.Build.0 = Debug|Any CPU
		{9757C392-DD69-4B89-8590-85AC01657837}.debug x86|x86.ActiveCfg = Debug|Any CPU
		{9757C392-DD69-4B89-8590-85AC01657837}.debug x86|x86.Build.0 = Debug|Any CPU
		{9757C392-DD69-4B89-8590-85AC01657837}.Debug|Any CPU.ActiveCfg = Debug|Any CPU
		{9757C392-DD69-4B89-8590-85AC01657837}.Debug|Any CPU.Build.0 = Debug|Any CPU
		{9757C392-DD69-4B89-8590-85AC01657837}.Debug|x64.ActiveCfg = Debug|Any CPU
		{9757C392-DD69-4B89-8590-85AC01657837}.Debug|x64.Build.0 = Debug|Any CPU
		{9757C392-DD69-4B89-8590-85AC01657837}.Debug|x86.ActiveCfg = Debug|Any CPU
		{9757C392-DD69-4B89-8590-85AC01657837}.Debug|x86.Build.0 = Debug|Any CPU
		{9757C392-DD69-4B89-8590-85AC01657837}.Release|Any CPU.ActiveCfg = Release|Any CPU
		{9757C392-DD69-4B89-8590-85AC01657837}.Release|Any CPU.Build.0 = Release|Any CPU
		{9757C392-DD69-4B89-8590-85AC01657837}.Release|x64.ActiveCfg = Release|Any CPU
		{9757C392-DD69-4B89-8590-85AC01657837}.Release|x64.Build.0 = Release|Any CPU
		{9757C392-DD69-4B89-8590-85AC01657837}.Release|x86.ActiveCfg = Release|Any CPU
		{9757C392-DD69-4B89-8590-85AC01657837}.Release|x86.Build.0 = Release|Any CPU
		{9757C392-DD69-4B89-8590-85AC01657837}.Stage|Any CPU.ActiveCfg = Release|Any CPU
		{9757C392-DD69-4B89-8590-85AC01657837}.Stage|Any CPU.Build.0 = Release|Any CPU
		{9757C392-DD69-4B89-8590-85AC01657837}.Stage|x64.ActiveCfg = Release|Any CPU
		{9757C392-DD69-4B89-8590-85AC01657837}.Stage|x64.Build.0 = Release|Any CPU
		{9757C392-DD69-4B89-8590-85AC01657837}.Stage|x86.ActiveCfg = Release|Any CPU
		{9757C392-DD69-4B89-8590-85AC01657837}.Stage|x86.Build.0 = Release|Any CPU
		{5347C673-2D8F-4FE3-A4B3-8D6F5B03629D}.debug x86|Any CPU.ActiveCfg = Debug|Any CPU
		{5347C673-2D8F-4FE3-A4B3-8D6F5B03629D}.debug x86|Any CPU.Build.0 = Debug|Any CPU
		{5347C673-2D8F-4FE3-A4B3-8D6F5B03629D}.debug x86|x64.ActiveCfg = Debug|Any CPU
		{5347C673-2D8F-4FE3-A4B3-8D6F5B03629D}.debug x86|x64.Build.0 = Debug|Any CPU
		{5347C673-2D8F-4FE3-A4B3-8D6F5B03629D}.debug x86|x86.ActiveCfg = Debug|Any CPU
		{5347C673-2D8F-4FE3-A4B3-8D6F5B03629D}.debug x86|x86.Build.0 = Debug|Any CPU
		{5347C673-2D8F-4FE3-A4B3-8D6F5B03629D}.Debug|Any CPU.ActiveCfg = Debug|Any CPU
		{5347C673-2D8F-4FE3-A4B3-8D6F5B03629D}.Debug|Any CPU.Build.0 = Debug|Any CPU
		{5347C673-2D8F-4FE3-A4B3-8D6F5B03629D}.Debug|x64.ActiveCfg = Debug|Any CPU
		{5347C673-2D8F-4FE3-A4B3-8D6F5B03629D}.Debug|x64.Build.0 = Debug|Any CPU
		{5347C673-2D8F-4FE3-A4B3-8D6F5B03629D}.Debug|x86.ActiveCfg = Debug|Any CPU
		{5347C673-2D8F-4FE3-A4B3-8D6F5B03629D}.Debug|x86.Build.0 = Debug|Any CPU
		{5347C673-2D8F-4FE3-A4B3-8D6F5B03629D}.Release|Any CPU.ActiveCfg = Release|Any CPU
		{5347C673-2D8F-4FE3-A4B3-8D6F5B03629D}.Release|Any CPU.Build.0 = Release|Any CPU
		{5347C673-2D8F-4FE3-A4B3-8D6F5B03629D}.Release|x64.ActiveCfg = Release|Any CPU
		{5347C673-2D8F-4FE3-A4B3-8D6F5B03629D}.Release|x64.Build.0 = Release|Any CPU
		{5347C673-2D8F-4FE3-A4B3-8D6F5B03629D}.Release|x86.ActiveCfg = Release|Any CPU
		{5347C673-2D8F-4FE3-A4B3-8D6F5B03629D}.Release|x86.Build.0 = Release|Any CPU
		{5347C673-2D8F-4FE3-A4B3-8D6F5B03629D}.Stage|Any CPU.ActiveCfg = Release|Any CPU
		{5347C673-2D8F-4FE3-A4B3-8D6F5B03629D}.Stage|Any CPU.Build.0 = Release|Any CPU
		{5347C673-2D8F-4FE3-A4B3-8D6F5B03629D}.Stage|x64.ActiveCfg = Release|Any CPU
		{5347C673-2D8F-4FE3-A4B3-8D6F5B03629D}.Stage|x64.Build.0 = Release|Any CPU
		{5347C673-2D8F-4FE3-A4B3-8D6F5B03629D}.Stage|x86.ActiveCfg = Release|Any CPU
		{5347C673-2D8F-4FE3-A4B3-8D6F5B03629D}.Stage|x86.Build.0 = Release|Any CPU
		{615410D8-AB3A-4D90-BFDB-129A19D8A660}.debug x86|Any CPU.ActiveCfg = Debug|Any CPU
		{615410D8-AB3A-4D90-BFDB-129A19D8A660}.debug x86|Any CPU.Build.0 = Debug|Any CPU
		{615410D8-AB3A-4D90-BFDB-129A19D8A660}.debug x86|x64.ActiveCfg = Debug|Any CPU
		{615410D8-AB3A-4D90-BFDB-129A19D8A660}.debug x86|x64.Build.0 = Debug|Any CPU
		{615410D8-AB3A-4D90-BFDB-129A19D8A660}.debug x86|x86.ActiveCfg = Debug|Any CPU
		{615410D8-AB3A-4D90-BFDB-129A19D8A660}.debug x86|x86.Build.0 = Debug|Any CPU
		{615410D8-AB3A-4D90-BFDB-129A19D8A660}.Debug|Any CPU.ActiveCfg = Debug|Any CPU
		{615410D8-AB3A-4D90-BFDB-129A19D8A660}.Debug|Any CPU.Build.0 = Debug|Any CPU
		{615410D8-AB3A-4D90-BFDB-129A19D8A660}.Debug|x64.ActiveCfg = Debug|Any CPU
		{615410D8-AB3A-4D90-BFDB-129A19D8A660}.Debug|x64.Build.0 = Debug|Any CPU
		{615410D8-AB3A-4D90-BFDB-129A19D8A660}.Debug|x86.ActiveCfg = Debug|Any CPU
		{615410D8-AB3A-4D90-BFDB-129A19D8A660}.Debug|x86.Build.0 = Debug|Any CPU
		{615410D8-AB3A-4D90-BFDB-129A19D8A660}.Release|Any CPU.ActiveCfg = Release|Any CPU
		{615410D8-AB3A-4D90-BFDB-129A19D8A660}.Release|Any CPU.Build.0 = Release|Any CPU
		{615410D8-AB3A-4D90-BFDB-129A19D8A660}.Release|x64.ActiveCfg = Release|Any CPU
		{615410D8-AB3A-4D90-BFDB-129A19D8A660}.Release|x64.Build.0 = Release|Any CPU
		{615410D8-AB3A-4D90-BFDB-129A19D8A660}.Release|x86.ActiveCfg = Release|Any CPU
		{615410D8-AB3A-4D90-BFDB-129A19D8A660}.Release|x86.Build.0 = Release|Any CPU
		{615410D8-AB3A-4D90-BFDB-129A19D8A660}.Stage|Any CPU.ActiveCfg = Release|Any CPU
		{615410D8-AB3A-4D90-BFDB-129A19D8A660}.Stage|Any CPU.Build.0 = Release|Any CPU
		{615410D8-AB3A-4D90-BFDB-129A19D8A660}.Stage|x64.ActiveCfg = Release|Any CPU
		{615410D8-AB3A-4D90-BFDB-129A19D8A660}.Stage|x64.Build.0 = Release|Any CPU
		{615410D8-AB3A-4D90-BFDB-129A19D8A660}.Stage|x86.ActiveCfg = Release|Any CPU
		{615410D8-AB3A-4D90-BFDB-129A19D8A660}.Stage|x86.Build.0 = Release|Any CPU
	EndGlobalSection
	GlobalSection(SolutionProperties) = preSolution
		HideSolutionNode = FALSE
	EndGlobalSection
EndGlobal
